{
  "name": "servisofts-canvas",
  "version": "1.0.2",
  "lockfileVersion": 1,
  "requires": true,
  "dependencies": {
    "@types/prop-types": {
      "version": "15.7.5",
      "resolved": "https://registry.npmjs.org/@types/prop-types/-/prop-types-15.7.5.tgz",
      "integrity": "sha512-JCB8C6SnDoQf0cNycqd/35A7MjcnK+ZTqE7judS6o7utxUCg6imJg3QK2qzHKszlTjcj2cn+NwMB2i96ubpj7w==",
      "dev": true
    },
    "@types/react": {
      "version": "17.0.48",
      "resolved": "https://registry.npmjs.org/@types/react/-/react-17.0.48.tgz",
      "integrity": "sha512-zJ6IYlJ8cYYxiJfUaZOQee4lh99mFihBoqkOSEGV+dFi9leROW6+PgstzQ+w3gWTnUfskALtQPGHK6dYmPj+2A==",
      "dev": true,
      "requires": {
        "@types/prop-types": "*",
        "@types/scheduler": "*",
        "csstype": "^3.0.2"
      }
    },
    "@types/react-native": {
      "version": "0.61.23",
      "resolved": "https://registry.npmjs.org/@types/react-native/-/react-native-0.61.23.tgz",
      "integrity": "sha512-upHmySsrVBDBokWWhYIKkKnpvadsHdioSjbBTu4xl7fjN0yb94KR5ngUOBXsyqAYqQzF+hP6qpvobG9M7Jr6hw==",
      "dev": true,
      "requires": {
        "@types/react": "*"
      }
    },
    "@types/scheduler": {
      "version": "0.16.2",
      "resolved": "https://registry.npmjs.org/@types/scheduler/-/scheduler-0.16.2.tgz",
      "integrity": "sha512-hppQEBDmlwhFAXKJX2KnWLYu5yMfi91yazPb2l+lbJiwW+wdo1gNeRA+3RgNSO39WYX2euey41KEwnqesU2Jew==",
      "dev": true
    },
    "base-64": {
      "version": "0.1.0",
      "resolved": "https://registry.npmjs.org/base-64/-/base-64-0.1.0.tgz",
      "integrity": "sha512-Y5gU45svrR5tI2Vt/X9GPd3L0HNIKzGu202EjxrXMpuc2V2CiKgemAbUUsqYmZJvPtCXoUKjNZwBJzsNScUbXA==",
      "dev": true
    },
    "csstype": {
      "version": "3.1.0",
      "resolved": "https://registry.npmjs.org/csstype/-/csstype-3.1.0.tgz",
      "integrity": "sha512-uX1KG+x9h5hIJsaKR9xHUeUraxf8IODOwq9JLNPq6BwB04a/xgpq3rcx47l5BZu5zBPlgD342tdke3Hom/nJRA==",
      "dev": true
    },
    "ctx-polyfill": {
      "version": "1.1.4",
      "resolved": "https://registry.npmjs.org/ctx-polyfill/-/ctx-polyfill-1.1.4.tgz",
      "integrity": "sha512-tz65F3/zmZ2+CMtn4MhNhYi/yIN9dKnItMKzSkH2GE6dBpAIbUR0K5pSHWqUL3OuNBCA70DKlWZYUClHfydIXg=="
    },
    "escape-string-regexp": {
      "version": "2.0.0",
      "resolved": "https://registry.npmjs.org/escape-string-regexp/-/escape-string-regexp-2.0.0.tgz",
      "integrity": "sha512-UpzcLCXolUWcNu5HtVMHYdXJjArjsF9C0aNnquZYY4uW/Vu0miy5YoWvbV345HauVvcAUnpRuhMMcqTcGOY2+w==",
      "dev": true
    },
    "invariant": {
      "version": "2.2.4",
      "resolved": "https://registry.npmjs.org/invariant/-/invariant-2.2.4.tgz",
      "integrity": "sha512-phJfQVBuaJM5raOpJjSfkiD6BpbCE4Ns//LaXl6wGYtUBY83nWS6Rf9tXm2e8VaK60JEjYldbPif/A2B1C2gNA==",
      "dev": true,
      "requires": {
        "loose-envify": "^1.0.0"
      }
    },
    "js-tokens": {
      "version": "4.0.0",
      "resolved": "https://registry.npmjs.org/js-tokens/-/js-tokens-4.0.0.tgz",
      "integrity": "sha512-RdJUflcE3cUzKiMqQgsCu06FPu9UdIJO0beYbPhHN4k6apgJtifcoCtT9bcxOpYBtpD2kCM6Sbzg4CausW/PKQ==",
      "dev": true
    },
    "loose-envify": {
      "version": "1.4.0",
      "resolved": "https://registry.npmjs.org/loose-envify/-/loose-envify-1.4.0.tgz",
      "integrity": "sha512-lyuxPGr/Wfhrlem2CL/UcnUc1zcqKAImBDzukY7Y5F/yQiNdko6+fRLevlw1HgMySw7f611UIY408EtxRSoK3Q==",
      "dev": true,
      "requires": {
        "js-tokens": "^3.0.0 || ^4.0.0"
      }
    },
    "react-native-fs": {
      "version": "2.20.0",
      "resolved": "https://registry.npmjs.org/react-native-fs/-/react-native-fs-2.20.0.tgz",
      "integrity": "sha512-VkTBzs7fIDUiy/XajOSNk0XazFE9l+QlMAce7lGuebZcag5CnjszB+u4BdqzwaQOdcYb5wsJIsqq4kxInIRpJQ==",
      "dev": true,
      "requires": {
        "base-64": "^0.1.0",
        "utf8": "^3.0.0"
      }
    },
    "react-native-webview": {
      "version": "11.23.0",
      "resolved": "https://registry.npmjs.org/react-native-webview/-/react-native-webview-11.23.0.tgz",
      "integrity": "sha512-mGrgsMnYcQONvQy59xpBn87sKqkCsSkqIDRo+c2Ov4ISYl1j90wFBs+qViVJRWdoNHVuoCAZ4nZkJ65mhDpHhA==",
      "dev": true,
      "requires": {
        "escape-string-regexp": "2.0.0",
        "invariant": "2.2.4"
      }
    },
    "servisofts-react-native-canvas": {
      "version": "0.1.6",
      "resolved": "https://registry.npmjs.org/servisofts-react-native-canvas/-/servisofts-react-native-canvas-0.1.6.tgz",
      "integrity": "sha512-LAOPx9tfFVRPKjV9VAJeCVK1iVl2m2EvuXJh6lmB7wXW3ZboSk999GDWOMW0nac4Z2oRTwF5CZzfRukPTLUpZg==",
      "requires": {
        "ctx-polyfill": "^1.1.4"
      }
    },
    "typescript": {
      "version": "4.7.4",
      "resolved": "https://registry.npmjs.org/typescript/-/typescript-4.7.4.tgz",
      "integrity": "sha512-C0WQT0gezHuw6AdY1M2jxUO83Rjf0HP7Sk1DtXj6j1EwkQNZrHAg2XPWlq62oqEhYvONq5pkC2Y9oPljWToLmQ==",
      "dev": true
    },
    "utf8": {
      "version": "3.0.0",
      "resolved": "https://registry.npmjs.org/utf8/-/utf8-3.0.0.tgz",
      "integrity": "sha512-E8VjFIQ/TyQgp+TZfS6l8yp/xWppSAHzidGiRrqe4bK4XP9pTRyKFgGJpO3SN7zdX4DeomTrwaseCHovfpFcqQ==",
      "dev": true
    }
  }
}
